
Microsoft Visual Studio Solution File, Format Version 12.00
# Visual Studio Version 17
VisualStudioVersion = 17.9.34723.18
MinimumVisualStudioVersion = 10.0.40219.1
Project("{FAE04EC0-301F-11D3-BF4B-00C04F79EFBC}") = "MvcMasterDetail", "MvcMasterDetail\MvcMasterDetail.csproj", "{934EE412-CA8A-4277-AC54-2285AD330807}"
EndProject
Global
	GlobalSection(SolutionConfigurationPlatforms) = preSolution
		Debug|Any CPU = Debug|Any CPU
		Release|Any CPU = Release|Any CPU
	EndGlobalSection
	GlobalSection(ProjectConfigurationPlatforms) = postSolution
		{934EE412-CA8A-4277-AC54-2285AD330807}.Debug|Any CPU.ActiveCfg = Debug|Any CPU
		{934EE412-CA8A-4277-AC54-2285AD330807}.Debug|Any CPU.Build.0 = Debug|Any CPU
		{934EE412-CA8A-4277-AC54-2285AD330807}.Release|Any CPU.ActiveCfg = Release|Any CPU
		{934EE412-CA8A-4277-AC54-2285AD330807}.Release|Any CPU.Build.0 = Release|Any CPU
	EndGlobalSection
	GlobalSection(SolutionProperties) = preSolution
		HideSolutionNode = FALSE
	EndGlobalSection
	GlobalSection(ExtensibilityGlobals) = postSolution
		SolutionGuid = {0F39F8B5-5BF4-46D4-A838-58753B6F48E5}
	EndGlobalSection
EndGlobal
